
Microsoft Visual Studio Solution File, Format Version 12.00
# Visual Studio Version 17
VisualStudioVersion = 17.7.34031.279
MinimumVisualStudioVersion = 10.0.40219.1
Project("{2150E333-8FDC-42A3-9474-1A3956D46DE8}") = "src", "src", "{429B276C-8225-408D-A811-70FBCD8DDF80}"
EndProject
Project("{9A19103F-16F7-4668-BE54-9A1E7A4F7556}") = "Krosoft.Extensions.Blocking.Abstractions", "src\Krosoft.Extensions.Blocking.Abstractions\Krosoft.Extensions.Blocking.Abstractions.csproj", "{629A94D3-93F5-4BD4-9F88-B944335A955D}"
EndProject
Project("{9A19103F-16F7-4668-BE54-9A1E7A4F7556}") = "Krosoft.Extensions.Blocking.Memory", "src\Krosoft.Extensions.Blocking.Memory\Krosoft.Extensions.Blocking.Memory.csproj", "{A4954CA9-5A60-4E45-A13B-983B842067FE}"
EndProject
Project("{9A19103F-16F7-4668-BE54-9A1E7A4F7556}") = "Krosoft.Extensions.Blocking.Redis", "src\Krosoft.Extensions.Blocking.Redis\Krosoft.Extensions.Blocking.Redis.csproj", "{F24B0065-5081-434F-8A1D-6710FA109B0D}"
EndProject
Project("{9A19103F-16F7-4668-BE54-9A1E7A4F7556}") = "Krosoft.Extensions.Blocking.Memory.Tests", "tests\Krosoft.Extensions.Blocking.Memory.Tests\Krosoft.Extensions.Blocking.Memory.Tests.csproj", "{966830B6-16D3-43D3-8CF4-1EC2FD146976}"
EndProject
Project("{9A19103F-16F7-4668-BE54-9A1E7A4F7556}") = "Krosoft.Extensions.Blocking", "src\Krosoft.Extensions.Blocking\Krosoft.Extensions.Blocking.csproj", "{40FF43BE-5285-4557-9146-1E18067105AC}"
EndProject
Project("{9A19103F-16F7-4668-BE54-9A1E7A4F7556}") = "Krosoft.Extensions.Blocking.Tests", "tests\Krosoft.Extensions.Blocking.Tests\Krosoft.Extensions.Blocking.Tests.csproj", "{EE1F62FA-B241-494C-A68A-A8B1D0B09EFB}"
EndProject
Project("{2150E333-8FDC-42A3-9474-1A3956D46DE8}") = "tests", "tests", "{02EA681E-C7D8-13C7-8484-4AC65E1B71E8}"
EndProject
Global
	GlobalSection(SolutionConfigurationPlatforms) = preSolution
		Debug|Any CPU = Debug|Any CPU
		Debug|ARM = Debug|ARM
		Debug|x64 = Debug|x64
		Debug|x86 = Debug|x86
		Release|Any CPU = Release|Any CPU
		Release|ARM = Release|ARM
		Release|x64 = Release|x64
		Release|x86 = Release|x86
	EndGlobalSection
	GlobalSection(ProjectConfigurationPlatforms) = postSolution
		{629A94D3-93F5-4BD4-9F88-B944335A955D}.Debug|Any CPU.ActiveCfg = Debug|Any CPU
		{629A94D3-93F5-4BD4-9F88-B944335A955D}.Debug|Any CPU.Build.0 = Debug|Any CPU
		{629A94D3-93F5-4BD4-9F88-B944335A955D}.Debug|ARM.ActiveCfg = Debug|Any CPU
		{629A94D3-93F5-4BD4-9F88-B944335A955D}.Debug|ARM.Build.0 = Debug|Any CPU
		{629A94D3-93F5-4BD4-9F88-B944335A955D}.Debug|x64.ActiveCfg = Debug|Any CPU
		{629A94D3-93F5-4BD4-9F88-B944335A955D}.Debug|x64.Build.0 = Debug|Any CPU
		{629A94D3-93F5-4BD4-9F88-B944335A955D}.Debug|x86.ActiveCfg = Debug|Any CPU
		{629A94D3-93F5-4BD4-9F88-B944335A955D}.Debug|x86.Build.0 = Debug|Any CPU
		{629A94D3-93F5-4BD4-9F88-B944335A955D}.Release|Any CPU.ActiveCfg = Release|Any CPU
		{629A94D3-93F5-4BD4-9F88-B944335A955D}.Release|Any CPU.Build.0 = Release|Any CPU
		{629A94D3-93F5-4BD4-9F88-B944335A955D}.Release|ARM.ActiveCfg = Release|Any CPU
		{629A94D3-93F5-4BD4-9F88-B944335A955D}.Release|ARM.Build.0 = Release|Any CPU
		{629A94D3-93F5-4BD4-9F88-B944335A955D}.Release|x64.ActiveCfg = Release|Any CPU
		{629A94D3-93F5-4BD4-9F88-B944335A955D}.Release|x64.Build.0 = Release|Any CPU
		{629A94D3-93F5-4BD4-9F88-B944335A955D}.Release|x86.ActiveCfg = Release|Any CPU
		{629A94D3-93F5-4BD4-9F88-B944335A955D}.Release|x86.Build.0 = Release|Any CPU
		{A4954CA9-5A60-4E45-A13B-983B842067FE}.Debug|Any CPU.ActiveCfg = Debug|Any CPU
		{A4954CA9-5A60-4E45-A13B-983B842067FE}.Debug|Any CPU.Build.0 = Debug|Any CPU
		{A4954CA9-5A60-4E45-A13B-983B842067FE}.Debug|ARM.ActiveCfg = Debug|Any CPU
		{A4954CA9-5A60-4E45-A13B-983B842067FE}.Debug|ARM.Build.0 = Debug|Any CPU
		{A4954CA9-5A60-4E45-A13B-983B842067FE}.Debug|x64.ActiveCfg = Debug|Any CPU
		{A4954CA9-5A60-4E45-A13B-983B842067FE}.Debug|x64.Build.0 = Debug|Any CPU
		{A4954CA9-5A60-4E45-A13B-983B842067FE}.Debug|x86.ActiveCfg = Debug|Any CPU
		{A4954CA9-5A60-4E45-A13B-983B842067FE}.Debug|x86.Build.0 = Debug|Any CPU
		{A4954CA9-5A60-4E45-A13B-983B842067FE}.Release|Any CPU.ActiveCfg = Release|Any CPU
		{A4954CA9-5A60-4E45-A13B-983B842067FE}.Release|Any CPU.Build.0 = Release|Any CPU
		{A4954CA9-5A60-4E45-A13B-983B842067FE}.Release|ARM.ActiveCfg = Release|Any CPU
		{A4954CA9-5A60-4E45-A13B-983B842067FE}.Release|ARM.Build.0 = Release|Any CPU
		{A4954CA9-5A60-4E45-A13B-983B842067FE}.Release|x64.ActiveCfg = Release|Any CPU
		{A4954CA9-5A60-4E45-A13B-983B842067FE}.Release|x64.Build.0 = Release|Any CPU
		{A4954CA9-5A60-4E45-A13B-983B842067FE}.Release|x86.ActiveCfg = Release|Any CPU
		{A4954CA9-5A60-4E45-A13B-983B842067FE}.Release|x86.Build.0 = Release|Any CPU
		{F24B0065-5081-434F-8A1D-6710FA109B0D}.Debug|Any CPU.ActiveCfg = Debug|Any CPU
		{F24B0065-5081-434F-8A1D-6710FA109B0D}.Debug|Any CPU.Build.0 = Debug|Any CPU
		{F24B0065-5081-434F-8A1D-6710FA109B0D}.Debug|ARM.ActiveCfg = Debug|Any CPU
		{F24B0065-5081-434F-8A1D-6710FA109B0D}.Debug|ARM.Build.0 = Debug|Any CPU
		{F24B0065-5081-434F-8A1D-6710FA109B0D}.Debug|x64.ActiveCfg = Debug|Any CPU
		{F24B0065-5081-434F-8A1D-6710FA109B0D}.Debug|x64.Build.0 = Debug|Any CPU
		{F24B0065-5081-434F-8A1D-6710FA109B0D}.Debug|x86.ActiveCfg = Debug|Any CPU
		{F24B0065-5081-434F-8A1D-6710FA109B0D}.Debug|x86.Build.0 = Debug|Any CPU
		{F24B0065-5081-434F-8A1D-6710FA109B0D}.Release|Any CPU.ActiveCfg = Release|Any CPU
		{F24B0065-5081-434F-8A1D-6710FA109B0D}.Release|Any CPU.Build.0 = Release|Any CPU
		{F24B0065-5081-434F-8A1D-6710FA109B0D}.Release|ARM.ActiveCfg = Release|Any CPU
		{F24B0065-5081-434F-8A1D-6710FA109B0D}.Release|ARM.Build.0 = Release|Any CPU
		{F24B0065-5081-434F-8A1D-6710FA109B0D}.Release|x64.ActiveCfg = Release|Any CPU
		{F24B0065-5081-434F-8A1D-6710FA109B0D}.Release|x64.Build.0 = Release|Any CPU
		{F24B0065-5081-434F-8A1D-6710FA109B0D}.Release|x86.ActiveCfg = Release|Any CPU
		{F24B0065-5081-434F-8A1D-6710FA109B0D}.Release|x86.Build.0 = Release|Any CPU
		{966830B6-16D3-43D3-8CF4-1EC2FD146976}.Debug|Any CPU.ActiveCfg = Debug|Any CPU
		{966830B6-16D3-43D3-8CF4-1EC2FD146976}.Debug|Any CPU.Build.0 = Debug|Any CPU
		{966830B6-16D3-43D3-8CF4-1EC2FD146976}.Debug|ARM.ActiveCfg = Debug|Any CPU
		{966830B6-16D3-43D3-8CF4-1EC2FD146976}.Debug|ARM.Build.0 = Debug|Any CPU
		{966830B6-16D3-43D3-8CF4-1EC2FD146976}.Debug|x64.ActiveCfg = Debug|Any CPU
		{966830B6-16D3-43D3-8CF4-1EC2FD146976}.Debug|x64.Build.0 = Debug|Any CPU
		{966830B6-16D3-43D3-8CF4-1EC2FD146976}.Debug|x86.ActiveCfg = Debug|Any CPU
		{966830B6-16D3-43D3-8CF4-1EC2FD146976}.Debug|x86.Build.0 = Debug|Any CPU
		{966830B6-16D3-43D3-8CF4-1EC2FD146976}.Release|Any CPU.ActiveCfg = Release|Any CPU
		{966830B6-16D3-43D3-8CF4-1EC2FD146976}.Release|Any CPU.Build.0 = Release|Any CPU
		{966830B6-16D3-43D3-8CF4-1EC2FD146976}.Release|ARM.ActiveCfg = Release|Any CPU
		{966830B6-16D3-43D3-8CF4-1EC2FD146976}.Release|ARM.Build.0 = Release|Any CPU
		{966830B6-16D3-43D3-8CF4-1EC2FD146976}.Release|x64.ActiveCfg = Release|Any CPU
		{966830B6-16D3-43D3-8CF4-1EC2FD146976}.Release|x64.Build.0 = Release|Any CPU
		{966830B6-16D3-43D3-8CF4-1EC2FD146976}.Release|x86.ActiveCfg = Release|Any CPU
		{966830B6-16D3-43D3-8CF4-1EC2FD146976}.Release|x86.Build.0 = Release|Any CPU
		{40FF43BE-5285-4557-9146-1E18067105AC}.Debug|Any CPU.ActiveCfg = Debug|Any CPU
		{40FF43BE-5285-4557-9146-1E18067105AC}.Debug|Any CPU.Build.0 = Debug|Any CPU
		{40FF43BE-5285-4557-9146-1E18067105AC}.Debug|ARM.ActiveCfg = Debug|Any CPU
		{40FF43BE-5285-4557-9146-1E18067105AC}.Debug|ARM.Build.0 = Debug|Any CPU
		{40FF43BE-5285-4557-9146-1E18067105AC}.Debug|x64.ActiveCfg = Debug|Any CPU
		{40FF43BE-5285-4557-9146-1E18067105AC}.Debug|x64.Build.0 = Debug|Any CPU
		{40FF43BE-5285-4557-9146-1E18067105AC}.Debug|x86.ActiveCfg = Debug|Any CPU
		{40FF43BE-5285-4557-9146-1E18067105AC}.Debug|x86.Build.0 = Debug|Any CPU
		{40FF43BE-5285-4557-9146-1E18067105AC}.Release|Any CPU.ActiveCfg = Release|Any CPU
		{40FF43BE-5285-4557-9146-1E18067105AC}.Release|Any CPU.Build.0 = Release|Any CPU
		{40FF43BE-5285-4557-9146-1E18067105AC}.Release|ARM.ActiveCfg = Release|Any CPU
		{40FF43BE-5285-4557-9146-1E18067105AC}.Release|ARM.Build.0 = Release|Any CPU
		{40FF43BE-5285-4557-9146-1E18067105AC}.Release|x64.ActiveCfg = Release|Any CPU
		{40FF43BE-5285-4557-9146-1E18067105AC}.Release|x64.Build.0 = Release|Any CPU
		{40FF43BE-5285-4557-9146-1E18067105AC}.Release|x86.ActiveCfg = Release|Any CPU
		{40FF43BE-5285-4557-9146-1E18067105AC}.Release|x86.Build.0 = Release|Any CPU
		{EE1F62FA-B241-494C-A68A-A8B1D0B09EFB}.Debug|Any CPU.ActiveCfg = Debug|Any CPU
		{EE1F62FA-B241-494C-A68A-A8B1D0B09EFB}.Debug|Any CPU.Build.0 = Debug|Any CPU
		{EE1F62FA-B241-494C-A68A-A8B1D0B09EFB}.Debug|ARM.ActiveCfg = Debug|Any CPU
		{EE1F62FA-B241-494C-A68A-A8B1D0B09EFB}.Debug|ARM.Build.0 = Debug|Any CPU
		{EE1F62FA-B241-494C-A68A-A8B1D0B09EFB}.Debug|x64.ActiveCfg = Debug|Any CPU
		{EE1F62FA-B241-494C-A68A-A8B1D0B09EFB}.Debug|x64.Build.0 = Debug|Any CPU
		{EE1F62FA-B241-494C-A68A-A8B1D0B09EFB}.Debug|x86.ActiveCfg = Debug|Any CPU
		{EE1F62FA-B241-494C-A68A-A8B1D0B09EFB}.Debug|x86.Build.0 = Debug|Any CPU
		{EE1F62FA-B241-494C-A68A-A8B1D0B09EFB}.Release|Any CPU.ActiveCfg = Release|Any CPU
		{EE1F62FA-B241-494C-A68A-A8B1D0B09EFB}.Release|Any CPU.Build.0 = Release|Any CPU
		{EE1F62FA-B241-494C-A68A-A8B1D0B09EFB}.Release|ARM.ActiveCfg = Release|Any CPU
		{EE1F62FA-B241-494C-A68A-A8B1D0B09EFB}.Release|ARM.Build.0 = Release|Any CPU
		{EE1F62FA-B241-494C-A68A-A8B1D0B09EFB}.Release|x64.ActiveCfg = Release|Any CPU
		{EE1F62FA-B241-494C-A68A-A8B1D0B09EFB}.Release|x64.Build.0 = Release|Any CPU
		{EE1F62FA-B241-494C-A68A-A8B1D0B09EFB}.Release|x86.ActiveCfg = Release|Any CPU
		{EE1F62FA-B241-494C-A68A-A8B1D0B09EFB}.Release|x86.Build.0 = Release|Any CPU
	EndGlobalSection
	GlobalSection(SolutionProperties) = preSolution
		HideSolutionNode = FALSE
	EndGlobalSection
	GlobalSection(NestedProjects) = preSolution
		{629A94D3-93F5-4BD4-9F88-B944335A955D} = {429B276C-8225-408D-A811-70FBCD8DDF80}
		{A4954CA9-5A60-4E45-A13B-983B842067FE} = {429B276C-8225-408D-A811-70FBCD8DDF80}
		{F24B0065-5081-434F-8A1D-6710FA109B0D} = {429B276C-8225-408D-A811-70FBCD8DDF80}
		{966830B6-16D3-43D3-8CF4-1EC2FD146976} = {02EA681E-C7D8-13C7-8484-4AC65E1B71E8}
		{40FF43BE-5285-4557-9146-1E18067105AC} = {429B276C-8225-408D-A811-70FBCD8DDF80}
		{EE1F62FA-B241-494C-A68A-A8B1D0B09EFB} = {02EA681E-C7D8-13C7-8484-4AC65E1B71E8}
	EndGlobalSection
	GlobalSection(ExtensibilityGlobals) = postSolution
		SolutionGuid = {7FD07ECB-B4B5-4D65-8E03-10F0C97C77A9}
	EndGlobalSection
EndGlobal
